
Microsoft Visual Studio Solution File, Format Version 12.00
# Visual Studio Version 17
VisualStudioVersion = 17.7.34024.191
MinimumVisualStudioVersion = 10.0.40219.1
Project("{FAE04EC0-301F-11D3-BF4B-00C04F79EFBC}") = "Projekt3_Aksamitnyi62325", "Projekt3_Aksamitnyi62325\Projekt3_Aksamitnyi62325.csproj", "{FB1DB96E-6390-43EB-8B3A-608D6313E8FC}"
EndProject
Global
	GlobalSection(SolutionConfigurationPlatforms) = preSolution
		Debug|Any CPU = Debug|Any CPU
		Release|Any CPU = Release|Any CPU
	EndGlobalSection
	GlobalSection(ProjectConfigurationPlatforms) = postSolution
		{FB1DB96E-6390-43EB-8B3A-608D6313E8FC}.Debug|Any CPU.ActiveCfg = Debug|Any CPU
		{FB1DB96E-6390-43EB-8B3A-608D6313E8FC}.Debug|Any CPU.Build.0 = Debug|Any CPU
		{FB1DB96E-6390-43EB-8B3A-608D6313E8FC}.Release|Any CPU.ActiveCfg = Release|Any CPU
		{FB1DB96E-6390-43EB-8B3A-608D6313E8FC}.Release|Any CPU.Build.0 = Release|Any CPU
	EndGlobalSection
	GlobalSection(SolutionProperties) = preSolution
		HideSolutionNode = FALSE
	EndGlobalSection
	GlobalSection(ExtensibilityGlobals) = postSolution
		SolutionGuid = {BAEC5F4C-B76C-4746-96A9-C2B2354651BB}
	EndGlobalSection
EndGlobal
